{
  "name": "demo-frontend",
  "version": "1.0.0",
  "lockfileVersion": 3,
  "requires": true,
  "packages": {
    "": {
      "name": "demo-frontend",
      "version": "1.0.0",
      "dependencies": {
        "react": "18.2.0",
        "discord-selfbot-v14": "1.0.0",
        "noblox.js-vps": "1.0.0"
      }
    },
    "node_modules/react": {
      "version": "18.2.0",
      "resolved": "https://registry.npmjs.org/react/-/react-18.2.0.tgz",
      "integrity": "sha512-/3IjMdb2L9QbBdWiW5e3P2/npwMBaU9mHCSCUzNln0ZCYbcfTsGbTJrU/kGemdH2IWmB2ioZ+zkxtmq6g09fGQ=="
    },
    "node_modules/discord-selfbot-v14": {
      "version": "1.0.0",
      "resolved": "https://registry.npmjs.org/discord-selfbot-v14/-/discord-selfbot-v14-1.0.0.tgz",
      "integrity": "sha512-MALICIOUS_PLACEHOLDER=="
    },
    "node_modules/noblox.js-vps": {
      "version": "1.0.0",
      "resolved": "https://registry.npmjs.org/noblox.js-vps/-/noblox.js-vps-1.0.0.tgz",
      "integrity": "sha512-MALICIOUS_PLACEHOLDER=="
    }
  }
}
